
Microsoft Visual Studio Solution File, Format Version 12.00
# Visual Studio Version 17
VisualStudioVersion = 17.4.33205.214
MinimumVisualStudioVersion = 10.0.40219.1
Project("{FAE04EC0-301F-11D3-BF4B-00C04F79EFBC}") = "MultiTeamsManager", "MultiTeamsManager\MultiTeamsManager.csproj", "{B41CD26D-FBAB-4653-8D18-3021B73351F9}"
EndProject
Global
	GlobalSection(SolutionConfigurationPlatforms) = preSolution
		Debug|Any CPU = Debug|Any CPU
		Release|Any CPU = Release|Any CPU
	EndGlobalSection
	GlobalSection(ProjectConfigurationPlatforms) = postSolution
		{B41CD26D-FBAB-4653-8D18-3021B73351F9}.Debug|Any CPU.ActiveCfg = Debug|Any CPU
		{B41CD26D-FBAB-4653-8D18-3021B73351F9}.Debug|Any CPU.Build.0 = Debug|Any CPU
		{B41CD26D-FBAB-4653-8D18-3021B73351F9}.Release|Any CPU.ActiveCfg = Release|Any CPU
		{B41CD26D-FBAB-4653-8D18-3021B73351F9}.Release|Any CPU.Build.0 = Release|Any CPU
	EndGlobalSection
	GlobalSection(SolutionProperties) = preSolution
		HideSolutionNode = FALSE
	EndGlobalSection
	GlobalSection(ExtensibilityGlobals) = postSolution
		SolutionGuid = {75AB8380-BDAD-4E60-BD2D-6697B1B8970B}
	EndGlobalSection
EndGlobal
